{
  "name": "test",
  "lockfileVersion": 3,
  "requires": true,
  "packages": {
    "": {
      "dependencies": {
        "dbldashed-library": "^1.0.0"
      }
    },
    "node_modules/dbldashed-library": {
      "version": "1.0.0",
      "resolved": "https://registry.npmjs.org/dbldashed-library/-/dbldashed-library-1.0.0.tgz",
      "integrity": "sha512-b8TI3uhV/xKJrhDUTtwNnA8DWijV67cMoAvTp7NYEO6FFiKiHUKF2UusqcbD3mDqsXRELiVughTx9oLZfAhFDA=="
    }
  }
}
